
Microsoft Visual Studio Solution File, Format Version 12.00
# Visual Studio Version 17
VisualStudioVersion = 17.14.36623.8 d17.14
MinimumVisualStudioVersion = 10.0.40219.1
Project("{FAE04EC0-301F-11D3-BF4B-00C04F79EFBC}") = "combobox", "combobox\combobox.csproj", "{E3433728-9EE8-4EE1-82AB-9E726BB16D32}"
EndProject
Global
	GlobalSection(SolutionConfigurationPlatforms) = preSolution
		Debug|Any CPU = Debug|Any CPU
		Release|Any CPU = Release|Any CPU
	EndGlobalSection
	GlobalSection(ProjectConfigurationPlatforms) = postSolution
		{E3433728-9EE8-4EE1-82AB-9E726BB16D32}.Debug|Any CPU.ActiveCfg = Debug|Any CPU
		{E3433728-9EE8-4EE1-82AB-9E726BB16D32}.Debug|Any CPU.Build.0 = Debug|Any CPU
		{E3433728-9EE8-4EE1-82AB-9E726BB16D32}.Release|Any CPU.ActiveCfg = Release|Any CPU
		{E3433728-9EE8-4EE1-82AB-9E726BB16D32}.Release|Any CPU.Build.0 = Release|Any CPU
	EndGlobalSection
	GlobalSection(SolutionProperties) = preSolution
		HideSolutionNode = FALSE
	EndGlobalSection
	GlobalSection(ExtensibilityGlobals) = postSolution
		SolutionGuid = {7D1637FC-EAAF-49F6-B2CC-473DC38B7C27}
	EndGlobalSection
EndGlobal
