
Microsoft Visual Studio Solution File, Format Version 12.00
# Visual Studio Version 17
VisualStudioVersion = 17.13.35931.197 d17.13
MinimumVisualStudioVersion = 10.0.40219.1
Project("{FAE04EC0-301F-11D3-BF4B-00C04F79EFBC}") = "WindowsFormsApp6", "WindowsFormsApp6\WindowsFormsApp6.csproj", "{49C1DB16-757F-4112-8274-14A7FDD45F6B}"
EndProject
Global
	GlobalSection(SolutionConfigurationPlatforms) = preSolution
		Debug|Any CPU = Debug|Any CPU
		Release|Any CPU = Release|Any CPU
	EndGlobalSection
	GlobalSection(ProjectConfigurationPlatforms) = postSolution
		{49C1DB16-757F-4112-8274-14A7FDD45F6B}.Debug|Any CPU.ActiveCfg = Debug|Any CPU
		{49C1DB16-757F-4112-8274-14A7FDD45F6B}.Debug|Any CPU.Build.0 = Debug|Any CPU
		{49C1DB16-757F-4112-8274-14A7FDD45F6B}.Release|Any CPU.ActiveCfg = Release|Any CPU
		{49C1DB16-757F-4112-8274-14A7FDD45F6B}.Release|Any CPU.Build.0 = Release|Any CPU
	EndGlobalSection
	GlobalSection(SolutionProperties) = preSolution
		HideSolutionNode = FALSE
	EndGlobalSection
	GlobalSection(ExtensibilityGlobals) = postSolution
		SolutionGuid = {F4C1CAFB-71A6-4455-8784-74884EFBA3A4}
	EndGlobalSection
EndGlobal
